<?xml version="1.0" encoding="utf-8"?>
<Project ToolsVersion="4.0" xmlns="http://schemas.microsoft.com/developer/msbuild/2003">
  <ItemGroup>
    <Filter Include="Scene">
      <UniqueIdentifier>{e57b148a-8316-4d0b-942e-cad7a1d7a498}</UniqueIdentifier>
    </Filter>
    <Filter Include="Math">
      <UniqueIdentifier>{20bea58b-a4e9-4602-bc74-478c707ec7f0}</UniqueIdentifier>
    </Filter>
    <Filter Include="Primitives">
      <UniqueIdentifier>{d59a879d-32c6-40cb-9a10-8d2793246a51}</UniqueIdentifier>
    </Filter>
    <Filter Include="Image">
      <UniqueIdentifier>{f3085368-bd00-477f-b844-383a054cb7fc}</UniqueIdentifier>
    </Filter>
    <Filter Include="Acceleration">
      <UniqueIdentifier>{afac19cc-7530-4994-b2a8-9793564282a4}</UniqueIdentifier>
    </Filter>
    <Filter Include="Core">
      <UniqueIdentifier>{73017f8d-1ea4-4acf-a016-61b78710d630}</UniqueIdentifier>
    </Filter>
    <Filter Include="Test Driver">
      <UniqueIdentifier>{4FC737F1-C7A5-4376-A066-2A32D752A2FF}</UniqueIdentifier>
      <Extensions>cpp;c;cc;cxx;def;odl;idl;hpj;bat;asm;asmx</Extensions>
    </Filter>
    <Filter Include="IO">
      <UniqueIdentifier>{2100f28e-faf5-44f2-a722-f46d022156bc}</UniqueIdentifier>
    </Filter>
    <Filter Include="Asset Types">
      <UniqueIdentifier>{16ce3163-cb91-45a6-936e-6ea6b2a06912}</UniqueIdentifier>
    </Filter>
    <Filter Include="External">
      <UniqueIdentifier>{cf387978-e3e5-45d3-bfb3-5c119db3b54c}</UniqueIdentifier>
    </Filter>
    <Filter Include="External\MikkTSpace">
      <UniqueIdentifier>{c162d6d0-a26c-4cea-aa60-0fa4a17d4da3}</UniqueIdentifier>
    </Filter>
  </ItemGroup>
  <ItemGroup>
    <ClCompile Include="GfxCore.cpp">
      <Filter>Test Driver</Filter>
    </ClCompile>
    <ClCompile Include="GfxCore\asset_types\gpuProgram.cpp">
      <Filter>Asset Types</Filter>
    </ClCompile>
    <ClCompile Include="GfxCore\asset_types\model.cpp">
      <Filter>Asset Types</Filter>
    </ClCompile>
    <ClCompile Include="GfxCore\image\bitmap.cpp">
      <Filter>Image</Filter>
    </ClCompile>
    <ClCompile Include="GfxCore\image\color.cpp">
      <Filter>Image</Filter>
    </ClCompile>
    <ClCompile Include="GfxCore\io\io.cpp">
      <Filter>IO</Filter>
    </ClCompile>
    <ClCompile Include="GfxCore\io\meshIO.cpp">
      <Filter>IO</Filter>
    </ClCompile>
    <ClCompile Include="GfxCore\io\serializeClasses.cpp">
      <Filter>IO</Filter>
    </ClCompile>
    <ClCompile Include="GfxCore\math\matrix.cpp">
      <Filter>Math</Filter>
    </ClCompile>
    <ClCompile Include="GfxCore\primitives\geom.cpp">
      <Filter>Primitives</Filter>
    </ClCompile>
    <ClCompile Include="GfxCore\scene\entity.cpp">
      <Filter>Scene</Filter>
    </ClCompile>
    <ClCompile Include="GfxCore\scene\scene.cpp">
      <Filter>Scene</Filter>
    </ClCompile>
    <ClCompile Include="GfxCore\scene\camera.cpp">
      <Filter>Scene</Filter>
    </ClCompile>
    <ClCompile Include="GfxCore\asset_types\material.cpp">
      <Filter>Asset Types</Filter>
    </ClCompile>
    <ClCompile Include="GfxCore\asset_types\texture.cpp">
      <Filter>Asset Types</Filter>
    </ClCompile>
    <ClCompile Include="GfxCore\scene\assetBaker.cpp">
      <Filter>Scene</Filter>
    </ClCompile>
    <ClCompile Include="external\MikkTSpace\mikktspace.c">
      <Filter>External\MikkTSpace</Filter>
    </ClCompile>
  </ItemGroup>
  <ItemGroup>
    <ClInclude Include="GfxCore\asset_types\gpuProgram.h">
      <Filter>Asset Types</Filter>
    </ClInclude>
    <ClInclude Include="GfxCore\asset_types\material.h">
      <Filter>Asset Types</Filter>
    </ClInclude>
    <ClInclude Include="GfxCore\asset_types\model.h">
      <Filter>Asset Types</Filter>
    </ClInclude>
    <ClInclude Include="GfxCore\asset_types\texture.h">
      <Filter>Asset Types</Filter>
    </ClInclude>
    <ClInclude Include="GfxCore\core\asset.h">
      <Filter>Core</Filter>
    </ClInclude>
    <ClInclude Include="GfxCore\core\assetHandle.h">
      <Filter>Core</Filter>
    </ClInclude>
    <ClInclude Include="GfxCore\core\assetLib.h">
      <Filter>Core</Filter>
    </ClInclude>
    <ClInclude Include="GfxCore\core\common.h">
      <Filter>Core</Filter>
    </ClInclude>
    <ClInclude Include="GfxCore\core\handle.h">
      <Filter>Core</Filter>
    </ClInclude>
    <ClInclude Include="GfxCore\core\rasterLib.h">
      <Filter>Core</Filter>
    </ClInclude>
    <ClInclude Include="GfxCore\core\util.h">
      <Filter>Core</Filter>
    </ClInclude>
    <ClInclude Include="GfxCore\image\bitmap.h">
      <Filter>Image</Filter>
    </ClInclude>
    <ClInclude Include="GfxCore\image\color.h">
      <Filter>Image</Filter>
    </ClInclude>
    <ClInclude Include="GfxCore\image\image.h">
      <Filter>Image</Filter>
    </ClInclude>
    <ClInclude Include="GfxCore\io\io.h">
      <Filter>IO</Filter>
    </ClInclude>
    <ClInclude Include="GfxCore\io\meshIO.h">
      <Filter>IO</Filter>
    </ClInclude>
    <ClInclude Include="GfxCore\math\matrix.h">
      <Filter>Math</Filter>
    </ClInclude>
    <ClInclude Include="GfxCore\math\quaternion.h">
      <Filter>Math</Filter>
    </ClInclude>
    <ClInclude Include="GfxCore\math\vector.h">
      <Filter>Math</Filter>
    </ClInclude>
    <ClInclude Include="GfxCore\primitives\geom.h">
      <Filter>Primitives</Filter>
    </ClInclude>
    <ClInclude Include="GfxCore\primitives\ray.h">
      <Filter>Primitives</Filter>
    </ClInclude>
    <ClInclude Include="GfxCore\scene\assetManager.h">
      <Filter>Scene</Filter>
    </ClInclude>
    <ClInclude Include="GfxCore\scene\camera.h">
      <Filter>Scene</Filter>
    </ClInclude>
    <ClInclude Include="GfxCore\scene\entity.h">
      <Filter>Scene</Filter>
    </ClInclude>
    <ClInclude Include="GfxCore\scene\resourceManager.h">
      <Filter>Scene</Filter>
    </ClInclude>
    <ClInclude Include="GfxCore\scene\scene.h">
      <Filter>Scene</Filter>
    </ClInclude>
    <ClInclude Include="GfxCore\acceleration\aabb.h">
      <Filter>Acceleration</Filter>
    </ClInclude>
    <ClInclude Include="GfxCore\acceleration\octree.h">
      <Filter>Acceleration</Filter>
    </ClInclude>
    <ClInclude Include="GfxCore\io\serializeClasses.h">
      <Filter>IO</Filter>
    </ClInclude>
    <ClInclude Include="GfxCore\scene\assetBaker.h">
      <Filter>Scene</Filter>
    </ClInclude>
    <ClInclude Include="external\stb_image.h">
      <Filter>External</Filter>
    </ClInclude>
    <ClInclude Include="external\tiny_obj_loader.h">
      <Filter>External</Filter>
    </ClInclude>
    <ClInclude Include="external\MikkTSpace\mikktspace.h">
      <Filter>External\MikkTSpace</Filter>
    </ClInclude>
  </ItemGroup>
</Project>