<?xml version="1.0" encoding="utf-8"?>
<Project ToolsVersion="4.0" xmlns="http://schemas.microsoft.com/developer/msbuild/2003">
  <ItemGroup>
    <Filter Include="Scene">
      <UniqueIdentifier>{e57b148a-8316-4d0b-942e-cad7a1d7a498}</UniqueIdentifier>
    </Filter>
    <Filter Include="Math">
      <UniqueIdentifier>{20bea58b-a4e9-4602-bc74-478c707ec7f0}</UniqueIdentifier>
    </Filter>
    <Filter Include="Resource Types">
      <UniqueIdentifier>{16ce3163-cb91-45a6-936e-6ea6b2a06912}</UniqueIdentifier>
    </Filter>
    <Filter Include="Primitives">
      <UniqueIdentifier>{d59a879d-32c6-40cb-9a10-8d2793246a51}</UniqueIdentifier>
    </Filter>
    <Filter Include="Image">
      <UniqueIdentifier>{f3085368-bd00-477f-b844-383a054cb7fc}</UniqueIdentifier>
    </Filter>
    <Filter Include="Acceleration">
      <UniqueIdentifier>{afac19cc-7530-4994-b2a8-9793564282a4}</UniqueIdentifier>
    </Filter>
    <Filter Include="Core">
      <UniqueIdentifier>{73017f8d-1ea4-4acf-a016-61b78710d630}</UniqueIdentifier>
    </Filter>
    <Filter Include="Test Driver">
      <UniqueIdentifier>{4FC737F1-C7A5-4376-A066-2A32D752A2FF}</UniqueIdentifier>
      <Extensions>cpp;c;cc;cxx;def;odl;idl;hpj;bat;asm;asmx</Extensions>
    </Filter>
    <Filter Include="IO">
      <UniqueIdentifier>{2100f28e-faf5-44f2-a722-f46d022156bc}</UniqueIdentifier>
    </Filter>
  </ItemGroup>
  <ItemGroup>
    <ClCompile Include="GfxCore.cpp">
      <Filter>Test Driver</Filter>
    </ClCompile>
    <ClCompile Include="src\math\matrix.cpp">
      <Filter>Math</Filter>
    </ClCompile>
    <ClCompile Include="src\image\bitmap.cpp">
      <Filter>Image</Filter>
    </ClCompile>
    <ClCompile Include="src\image\color.cpp">
      <Filter>Image</Filter>
    </ClCompile>
    <ClCompile Include="src\scene\entity.cpp">
      <Filter>Scene</Filter>
    </ClCompile>
    <ClCompile Include="src\primitives\geom.cpp">
      <Filter>Primitives</Filter>
    </ClCompile>
    <ClCompile Include="src\io\meshIO.cpp">
      <Filter>IO</Filter>
    </ClCompile>
    <ClCompile Include="src\io\serializeClasses.cpp">
      <Filter>IO</Filter>
    </ClCompile>
    <ClCompile Include="src\core\assetLib.cpp">
      <Filter>Core</Filter>
    </ClCompile>
    <ClCompile Include="src\io\io.cpp">
      <Filter>IO</Filter>
    </ClCompile>
  </ItemGroup>
  <ItemGroup>
    <ClInclude Include="src\math\matrix.h">
      <Filter>Math</Filter>
    </ClInclude>
    <ClInclude Include="src\resource_types\gpuProgram.h">
      <Filter>Resource Types</Filter>
    </ClInclude>
    <ClInclude Include="src\resource_types\material.h">
      <Filter>Resource Types</Filter>
    </ClInclude>
    <ClInclude Include="src\resource_types\texture.h">
      <Filter>Resource Types</Filter>
    </ClInclude>
    <ClInclude Include="src\image\bitmap.h">
      <Filter>Image</Filter>
    </ClInclude>
    <ClInclude Include="src\image\color.h">
      <Filter>Image</Filter>
    </ClInclude>
    <ClInclude Include="src\image\image.h">
      <Filter>Image</Filter>
    </ClInclude>
    <ClInclude Include="src\scene\camera.h">
      <Filter>Scene</Filter>
    </ClInclude>
    <ClInclude Include="src\scene\entity.h">
      <Filter>Scene</Filter>
    </ClInclude>
    <ClInclude Include="src\scene\resourceManager.h">
      <Filter>Scene</Filter>
    </ClInclude>
    <ClInclude Include="src\scene\scene.h">
      <Filter>Scene</Filter>
    </ClInclude>
    <ClInclude Include="src\primitives\geom.h">
      <Filter>Primitives</Filter>
    </ClInclude>
    <ClInclude Include="src\primitives\ray.h">
      <Filter>Primitives</Filter>
    </ClInclude>
    <ClInclude Include="src\acceleration\aabb.h">
      <Filter>Acceleration</Filter>
    </ClInclude>
    <ClInclude Include="src\acceleration\octree.h">
      <Filter>Acceleration</Filter>
    </ClInclude>
    <ClInclude Include="src\core\rasterLib.h">
      <Filter>Core</Filter>
    </ClInclude>
    <ClInclude Include="src\core\util.h">
      <Filter>Core</Filter>
    </ClInclude>
    <ClInclude Include="src\core\assetLib.h">
      <Filter>Core</Filter>
    </ClInclude>
    <ClInclude Include="src\core\common.h">
      <Filter>Core</Filter>
    </ClInclude>
    <ClInclude Include="src\core\handle.h">
      <Filter>Core</Filter>
    </ClInclude>
    <ClInclude Include="src\io\meshIO.h">
      <Filter>IO</Filter>
    </ClInclude>
    <ClInclude Include="src\math\quaternion.h">
      <Filter>Math</Filter>
    </ClInclude>
    <ClInclude Include="src\math\vector.h">
      <Filter>Math</Filter>
    </ClInclude>
    <ClInclude Include="src\resource_types\model.h">
      <Filter>Resource Types</Filter>
    </ClInclude>
    <ClInclude Include="src\io\io.h">
      <Filter>IO</Filter>
    </ClInclude>
  </ItemGroup>
</Project>